// !$*UTF8*$!
{
	archiveVersion = 1;
	classes = {
	};
	objectVersion = 46;
	objects = {

/* Begin PBXBuildFile section */
		25180A861A2A0C09000331A2 /* AppDelegate.swift in Sources */ = {isa = PBXBuildFile; fileRef = 25180A851A2A0C09000331A2 /* AppDelegate.swift */; };
		25180A881A2A0C09000331A2 /* ViewController.swift in Sources */ = {isa = PBXBuildFile; fileRef = 25180A871A2A0C09000331A2 /* ViewController.swift */; };
		25180A8B1A2A0C09000331A2 /* Main.storyboard in Resources */ = {isa = PBXBuildFile; fileRef = 25180A891A2A0C09000331A2 /* Main.storyboard */; };
		25180A8D1A2A0C09000331A2 /* Images.xcassets in Resources */ = {isa = PBXBuildFile; fileRef = 25180A8C1A2A0C09000331A2 /* Images.xcassets */; };
		25180A901A2A0C09000331A2 /* LaunchScreen.xib in Resources */ = {isa = PBXBuildFile; fileRef = 25180A8E1A2A0C09000331A2 /* LaunchScreen.xib */; };
		25180A9C1A2A0C09000331A2 /* SwiftRuntasticTests.swift in Sources */ = {isa = PBXBuildFile; fileRef = 25180A9B1A2A0C09000331A2 /* SwiftRuntasticTests.swift */; };
		25180AA61A2A0C28000331A2 /* Runtastic.swift in Sources */ = {isa = PBXBuildFile; fileRef = 25180AA51A2A0C27000331A2 /* Runtastic.swift */; };
/* End PBXBuildFile section */

/* Begin PBXContainerItemProxy section */
		25180A961A2A0C09000331A2 /* PBXContainerItemProxy */ = {
			isa = PBXContainerItemProxy;
			containerPortal = 25180A781A2A0C09000331A2 /* Project object */;
			proxyType = 1;
			remoteGlobalIDString = 25180A7F1A2A0C09000331A2;
			remoteInfo = SwiftRuntastic;
		};
/* End PBXContainerItemProxy section */

/* Begin PBXFileReference section */
		25180A801A2A0C09000331A2 /* SwiftRuntastic.app */ = {isa = PBXFileReference; explicitFileType = wrapper.application; includeInIndex = 0; path = SwiftRuntastic.app; sourceTree = BUILT_PRODUCTS_DIR; };
		25180A841A2A0C09000331A2 /* Info.plist */ = {isa = PBXFileReference; lastKnownFileType = text.plist.xml; path = Info.plist; sourceTree = "<group>"; };
		25180A851A2A0C09000331A2 /* AppDelegate.swift */ = {isa = PBXFileReference; lastKnownFileType = sourcecode.swift; path = AppDelegate.swift; sourceTree = "<group>"; };
		25180A871A2A0C09000331A2 /* ViewController.swift */ = {isa = PBXFileReference; lastKnownFileType = sourcecode.swift; path = ViewController.swift; sourceTree = "<group>"; };
		25180A8A1A2A0C09000331A2 /* Base */ = {isa = PBXFileReference; lastKnownFileType = file.storyboard; name = Base; path = Base.lproj/Main.storyboard; sourceTree = "<group>"; };
		25180A8C1A2A0C09000331A2 /* Images.xcassets */ = {isa = PBXFileReference; lastKnownFileType = folder.assetcatalog; path = Images.xcassets; sourceTree = "<group>"; };
		25180A8F1A2A0C09000331A2 /* Base */ = {isa = PBXFileReference; lastKnownFileType = file.xib; name = Base; path = Base.lproj/LaunchScreen.xib; sourceTree = "<group>"; };
		25180A951A2A0C09000331A2 /* SwiftRuntasticTests.xctest */ = {isa = PBXFileReference; explicitFileType = wrapper.cfbundle; includeInIndex = 0; path = SwiftRuntasticTests.xctest; sourceTree = BUILT_PRODUCTS_DIR; };
		25180A9A1A2A0C09000331A2 /* Info.plist */ = {isa = PBXFileReference; lastKnownFileType = text.plist.xml; path = Info.plist; sourceTree = "<group>"; };
		25180A9B1A2A0C09000331A2 /* SwiftRuntasticTests.swift */ = {isa = PBXFileReference; lastKnownFileType = sourcecode.swift; path = SwiftRuntasticTests.swift; sourceTree = "<group>"; };
		25180AA51A2A0C27000331A2 /* Runtastic.swift */ = {isa = PBXFileReference; fileEncoding = 4; lastKnownFileType = sourcecode.swift; path = Runtastic.swift; sourceTree = "<group>"; };
/* End PBXFileReference section */

/* Begin PBXFrameworksBuildPhase section */
		25180A7D1A2A0C09000331A2 /* Frameworks */ = {
			isa = PBXFrameworksBuildPhase;
			buildActionMask = 2147483647;
			files = (
			);
			runOnlyForDeploymentPostprocessing = 0;
		};
		25180A921A2A0C09000331A2 /* Frameworks */ = {
			isa = PBXFrameworksBuildPhase;
			buildActionMask = 2147483647;
			files = (
			);
			runOnlyForDeploymentPostprocessing = 0;
		};
/* End PBXFrameworksBuildPhase section */

/* Begin PBXGroup section */
		25180A771A2A0C09000331A2 = {
			isa = PBXGroup;
			children = (
				25180A821A2A0C09000331A2 /* SwiftRuntastic */,
				25180A981A2A0C09000331A2 /* SwiftRuntasticTests */,
				25180A811A2A0C09000331A2 /* Products */,
			);
			sourceTree = "<group>";
		};
		25180A811A2A0C09000331A2 /* Products */ = {
			isa = PBXGroup;
			children = (
				25180A801A2A0C09000331A2 /* SwiftRuntastic.app */,
				25180A951A2A0C09000331A2 /* SwiftRuntasticTests.xctest */,
			);
			name = Products;
			sourceTree = "<group>";
		};
		25180A821A2A0C09000331A2 /* SwiftRuntastic */ = {
			isa = PBXGroup;
			children = (
				25180A851A2A0C09000331A2 /* AppDelegate.swift */,
				25180A871A2A0C09000331A2 /* ViewController.swift */,
				25180AA51A2A0C27000331A2 /* Runtastic.swift */,
				25180A891A2A0C09000331A2 /* Main.storyboard */,
				25180A8C1A2A0C09000331A2 /* Images.xcassets */,
				25180A8E1A2A0C09000331A2 /* LaunchScreen.xib */,
				25180A831A2A0C09000331A2 /* Supporting Files */,
			);
			path = SwiftRuntastic;
			sourceTree = "<group>";
		};
		25180A831A2A0C09000331A2 /* Supporting Files */ = {
			isa = PBXGroup;
			children = (
				25180A841A2A0C09000331A2 /* Info.plist */,
			);
			name = "Supporting Files";
			sourceTree = "<group>";
		};
		25180A981A2A0C09000331A2 /* SwiftRuntasticTests */ = {
			isa = PBXGroup;
			children = (
				25180A9B1A2A0C09000331A2 /* SwiftRuntasticTests.swift */,
				25180A991A2A0C09000331A2 /* Supporting Files */,
			);
			path = SwiftRuntasticTests;
			sourceTree = "<group>";
		};
		25180A991A2A0C09000331A2 /* Supporting Files */ = {
			isa = PBXGroup;
			children = (
				25180A9A1A2A0C09000331A2 /* Info.plist */,
			);
			name = "Supporting Files";
			sourceTree = "<group>";
		};
/* End PBXGroup section */

/* Begin PBXNativeTarget section */
		25180A7F1A2A0C09000331A2 /* SwiftRuntastic */ = {
			isa = PBXNativeTarget;
			buildConfigurationList = 25180A9F1A2A0C09000331A2 /* Build configuration list for PBXNativeTarget "SwiftRuntastic" */;
			buildPhases = (
				25180A7C1A2A0C09000331A2 /* Sources */,
				25180A7D1A2A0C09000331A2 /* Frameworks */,
				25180A7E1A2A0C09000331A2 /* Resources */,
			);
			buildRules = (
			);
			dependencies = (
			);
			name = SwiftRuntastic;
			productName = SwiftRuntastic;
			productReference = 25180A801A2A0C09000331A2 /* SwiftRuntastic.app */;
			productType = "com.apple.product-type.application";
		};
		25180A941A2A0C09000331A2 /* SwiftRuntasticTests */ = {
			isa = PBXNativeTarget;
			buildConfigurationList = 25180AA21A2A0C09000331A2 /* Build configuration list for PBXNativeTarget "SwiftRuntasticTests" */;
			buildPhases = (
				25180A911A2A0C09000331A2 /* Sources */,
				25180A921A2A0C09000331A2 /* Frameworks */,
				25180A931A2A0C09000331A2 /* Resources */,
			);
			buildRules = (
			);
			dependencies = (
				25180A971A2A0C09000331A2 /* PBXTargetDependency */,
			);
			name = SwiftRuntasticTests;
			productName = SwiftRuntasticTests;
			productReference = 25180A951A2A0C09000331A2 /* SwiftRuntasticTests.xctest */;
			productType = "com.apple.product-type.bundle.unit-test";
		};
/* End PBXNativeTarget section */

/* Begin PBXProject section */
		25180A781A2A0C09000331A2 /* Project object */ = {
			isa = PBXProject;
			attributes = {
				LastUpgradeCheck = 0610;
				ORGANIZATIONNAME = "Timo Schlüter";
				TargetAttributes = {
					25180A7F1A2A0C09000331A2 = {
						CreatedOnToolsVersion = 6.1;
					};
					25180A941A2A0C09000331A2 = {
						CreatedOnToolsVersion = 6.1;
						TestTargetID = 25180A7F1A2A0C09000331A2;
					};
				};
			};
			buildConfigurationList = 25180A7B1A2A0C09000331A2 /* Build configuration list for PBXProject "SwiftRuntastic" */;
			compatibilityVersion = "Xcode 3.2";
			developmentRegion = English;
			hasScannedForEncodings = 0;
			knownRegions = (
				en,
				Base,
			);
			mainGroup = 25180A771A2A0C09000331A2;
			productRefGroup = 25180A811A2A0C09000331A2 /* Products */;
			projectDirPath = "";
			projectRoot = "";
			targets = (
				25180A7F1A2A0C09000331A2 /* SwiftRuntastic */,
				25180A941A2A0C09000331A2 /* SwiftRuntasticTests */,
			);
		};
/* End PBXProject section */

/* Begin PBXResourcesBuildPhase section */
		25180A7E1A2A0C09000331A2 /* Resources */ = {
			isa = PBXResourcesBuildPhase;
			buildActionMask = 2147483647;
			files = (
				25180A8B1A2A0C09000331A2 /* Main.storyboard in Resources */,
				25180A901A2A0C09000331A2 /* LaunchScreen.xib in Resources */,
				25180A8D1A2A0C09000331A2 /* Images.xcassets in Resources */,
			);
			runOnlyForDeploymentPostprocessing = 0;
		};
		25180A931A2A0C09000331A2 /* Resources */ = {
			isa = PBXResourcesBuildPhase;
			buildActionMask = 2147483647;
			files = (
			);
			runOnlyForDeploymentPostprocessing = 0;
		};
/* End PBXResourcesBuildPhase section */

/* Begin PBXSourcesBuildPhase section */
		25180A7C1A2A0C09000331A2 /* Sources */ = {
			isa = PBXSourcesBuildPhase;
			buildActionMask = 2147483647;
			files = (
				25180A881A2A0C09000331A2 /* ViewController.swift in Sources */,
				25180A861A2A0C09000331A2 /* AppDelegate.swift in Sources */,
				25180AA61A2A0C28000331A2 /* Runtastic.swift in Sources */,
			);
			runOnlyForDeploymentPostprocessing = 0;
		};
		25180A911A2A0C09000331A2 /* Sources */ = {
			isa = PBXSourcesBuildPhase;
			buildActionMask = 2147483647;
			files = (
				25180A9C1A2A0C09000331A2 /* SwiftRuntasticTests.swift in Sources */,
			);
			runOnlyForDeploymentPostprocessing = 0;
		};
/* End PBXSourcesBuildPhase section */

/* Begin PBXTargetDependency section */
		25180A971A2A0C09000331A2 /* PBXTargetDependency */ = {
			isa = PBXTargetDependency;
			target = 25180A7F1A2A0C09000331A2 /* SwiftRuntastic */;
			targetProxy = 25180A961A2A0C09000331A2 /* PBXContainerItemProxy */;
		};
/* End PBXTargetDependency section */

/* Begin PBXVariantGroup section */
		25180A891A2A0C09000331A2 /* Main.storyboard */ = {
			isa = PBXVariantGroup;
			children = (
				25180A8A1A2A0C09000331A2 /* Base */,
			);
			name = Main.storyboard;
			sourceTree = "<group>";
		};
		25180A8E1A2A0C09000331A2 /* LaunchScreen.xib */ = {
			isa = PBXVariantGroup;
			children = (
				25180A8F1A2A0C09000331A2 /* Base */,
			);
			name = LaunchScreen.xib;
			sourceTree = "<group>";
		};
/* End PBXVariantGroup section */

/* Begin XCBuildConfiguration section */
		25180A9D1A2A0C09000331A2 /* Debug */ = {
			isa = XCBuildConfiguration;
			buildSettings = {
				ALWAYS_SEARCH_USER_PATHS = NO;
				CLANG_CXX_LANGUAGE_STANDARD = "gnu++0x";
				CLANG_CXX_LIBRARY = "libc++";
				CLANG_ENABLE_MODULES = YES;
				CLANG_ENABLE_OBJC_ARC = YES;
				CLANG_WARN_BOOL_CONVERSION = YES;
				CLANG_WARN_CONSTANT_CONVERSION = YES;
				CLANG_WARN_DIRECT_OBJC_ISA_USAGE = YES_ERROR;
				CLANG_WARN_EMPTY_BODY = YES;
				CLANG_WARN_ENUM_CONVERSION = YES;
				CLANG_WARN_INT_CONVERSION = YES;
				CLANG_WARN_OBJC_ROOT_CLASS = YES_ERROR;
				CLANG_WARN_UNREACHABLE_CODE = YES;
				CLANG_WARN__DUPLICATE_METHOD_MATCH = YES;
				"CODE_SIGN_IDENTITY[sdk=iphoneos*]" = "iPhone Developer";
				COPY_PHASE_STRIP = NO;
				ENABLE_STRICT_OBJC_MSGSEND = YES;
				GCC_C_LANGUAGE_STANDARD = gnu99;
				GCC_DYNAMIC_NO_PIC = NO;
				GCC_OPTIMIZATION_LEVEL = 0;
				GCC_PREPROCESSOR_DEFINITIONS = (
					"DEBUG=1",
					"$(inherited)",
				);
				GCC_SYMBOLS_PRIVATE_EXTERN = NO;
				GCC_WARN_64_TO_32_BIT_CONVERSION = YES;
				GCC_WARN_ABOUT_RETURN_TYPE = YES_ERROR;
				GCC_WARN_UNDECLARED_SELECTOR = YES;
				GCC_WARN_UNINITIALIZED_AUTOS = YES_AGGRESSIVE;
				GCC_WARN_UNUSED_FUNCTION = YES;
				GCC_WARN_UNUSED_VARIABLE = YES;
				IPHONEOS_DEPLOYMENT_TARGET = 8.1;
				MTL_ENABLE_DEBUG_INFO = YES;
				ONLY_ACTIVE_ARCH = YES;
				SDKROOT = iphoneos;
				SWIFT_OPTIMIZATION_LEVEL = "-Onone";
			};
			name = Debug;
		};
		25180A9E1A2A0C09000331A2 /* Release */ = {
			isa = XCBuildConfiguration;
			buildSettings = {
				ALWAYS_SEARCH_USER_PATHS = NO;
				CLANG_CXX_LANGUAGE_STANDARD = "gnu++0x";
				CLANG_CXX_LIBRARY = "libc++";
				CLANG_ENABLE_MODULES = YES;
				CLANG_ENABLE_OBJC_ARC = YES;
				CLANG_WARN_BOOL_CONVERSION = YES;
				CLANG_WARN_CONSTANT_CONVERSION = YES;
				CLANG_WARN_DIRECT_OBJC_ISA_USAGE = YES_ERROR;
				CLANG_WARN_EMPTY_BODY = YES;
				CLANG_WARN_ENUM_CONVERSION = YES;
				CLANG_WARN_INT_CONVERSION = YES;
				CLANG_WARN_OBJC_ROOT_CLASS = YES_ERROR;
				CLANG_WARN_UNREACHABLE_CODE = YES;
				CLANG_WARN__DUPLICATE_METHOD_MATCH = YES;
				"CODE_SIGN_IDENTITY[sdk=iphoneos*]" = "iPhone Developer";
				COPY_PHASE_STRIP = YES;
				ENABLE_NS_ASSERTIONS = NO;
				ENABLE_STRICT_OBJC_MSGSEND = YES;
				GCC_C_LANGUAGE_STANDARD = gnu99;
				GCC_WARN_64_TO_32_BIT_CONVERSION = YES;
				GCC_WARN_ABOUT_RETURN_TYPE = YES_ERROR;
				GCC_WARN_UNDECLARED_SELECTOR = YES;
				GCC_WARN_UNINITIALIZED_AUTOS = YES_AGGRESSIVE;
				GCC_WARN_UNUSED_FUNCTION = YES;
				GCC_WARN_UNUSED_VARIABLE = YES;
				IPHONEOS_DEPLOYMENT_TARGET = 8.1;
				MTL_ENABLE_DEBUG_INFO = NO;
				SDKROOT = iphoneos;
				VALIDATE_PRODUCT = YES;
			};
			name = Release;
		};
		25180AA01A2A0C09000331A2 /* Debug */ = {
			isa = XCBuildConfiguration;
			buildSettings = {
				ASSETCATALOG_COMPILER_APPICON_NAME = AppIcon;
				INFOPLIST_FILE = SwiftRuntastic/Info.plist;
				LD_RUNPATH_SEARCH_PATHS = "$(inherited) @executable_path/Frameworks";
				PRODUCT_NAME = "$(TARGET_NAME)";
			};
			name = Debug;
		};
		25180AA11A2A0C09000331A2 /* Release */ = {
			isa = XCBuildConfiguration;
			buildSettings = {
				ASSETCATALOG_COMPILER_APPICON_NAME = AppIcon;
				INFOPLIST_FILE = SwiftRuntastic/Info.plist;
				LD_RUNPATH_SEARCH_PATHS = "$(inherited) @executable_path/Frameworks";
				PRODUCT_NAME = "$(TARGET_NAME)";
			};
			name = Release;
		};
		25180AA31A2A0C09000331A2 /* Debug */ = {
			isa = XCBuildConfiguration;
			buildSettings = {
				BUNDLE_LOADER = "$(TEST_HOST)";
				FRAMEWORK_SEARCH_PATHS = (
					"$(SDKROOT)/Developer/Library/Frameworks",
					"$(inherited)",
				);
				GCC_PREPROCESSOR_DEFINITIONS = (
					"DEBUG=1",
					"$(inherited)",
				);
				INFOPLIST_FILE = SwiftRuntasticTests/Info.plist;
				LD_RUNPATH_SEARCH_PATHS = "$(inherited) @executable_path/Frameworks @loader_path/Frameworks";
				PRODUCT_NAME = "$(TARGET_NAME)";
				TEST_HOST = "$(BUILT_PRODUCTS_DIR)/SwiftRuntastic.app/SwiftRuntastic";
			};
			name = Debug;
		};
		25180AA41A2A0C09000331A2 /* Release */ = {
			isa = XCBuildConfiguration;
			buildSettings = {
				BUNDLE_LOADER = "$(TEST_HOST)";
				FRAMEWORK_SEARCH_PATHS = (
					"$(SDKROOT)/Developer/Library/Frameworks",
					"$(inherited)",
				);
				INFOPLIST_FILE = SwiftRuntasticTests/Info.plist;
				LD_RUNPATH_SEARCH_PATHS = "$(inherited) @executable_path/Frameworks @loader_path/Frameworks";
				PRODUCT_NAME = "$(TARGET_NAME)";
				TEST_HOST = "$(BUILT_PRODUCTS_DIR)/SwiftRuntastic.app/SwiftRuntastic";
			};
			name = Release;
		};
/* End XCBuildConfiguration section */

/* Begin XCConfigurationList section */
		25180A7B1A2A0C09000331A2 /* Build configuration list for PBXProject "SwiftRuntastic" */ = {
			isa = XCConfigurationList;
			buildConfigurations = (
				25180A9D1A2A0C09000331A2 /* Debug */,
				25180A9E1A2A0C09000331A2 /* Release */,
			);
			defaultConfigurationIsVisible = 0;
			defaultConfigurationName = Release;
		};
		25180A9F1A2A0C09000331A2 /* Build configuration list for PBXNativeTarget "SwiftRuntastic" */ = {
			isa = XCConfigurationList;
			buildConfigurations = (
				25180AA01A2A0C09000331A2 /* Debug */,
				25180AA11A2A0C09000331A2 /* Release */,
			);
			defaultConfigurationIsVisible = 0;
		};
		25180AA21A2A0C09000331A2 /* Build configuration list for PBXNativeTarget "SwiftRuntasticTests" */ = {
			isa = XCConfigurationList;
			buildConfigurations = (
				25180AA31A2A0C09000331A2 /* Debug */,
				25180AA41A2A0C09000331A2 /* Release */,
			);
			defaultConfigurationIsVisible = 0;
		};
/* End XCConfigurationList section */
	};
	rootObject = 25180A781A2A0C09000331A2 /* Project object */;
}
